
Microsoft Visual Studio Solution File, Format Version 12.00
# Visual Studio Version 16
VisualStudioVersion = 16.0.30523.141
MinimumVisualStudioVersion = 10.0.40219.1
Project("{FAE04EC0-301F-11D3-BF4B-00C04F79EFBC}") = "DemoAzure", "DemoAzure.csproj", "{6CD4E172-41DF-4E4F-8629-2005C7F1E327}"
EndProject
Global
	GlobalSection(SolutionConfigurationPlatforms) = preSolution
		Debug|Any CPU = Debug|Any CPU
		Release|Any CPU = Release|Any CPU
	EndGlobalSection
	GlobalSection(ProjectConfigurationPlatforms) = postSolution
		{6CD4E172-41DF-4E4F-8629-2005C7F1E327}.Debug|Any CPU.ActiveCfg = Debug|Any CPU
		{6CD4E172-41DF-4E4F-8629-2005C7F1E327}.Debug|Any CPU.Build.0 = Debug|Any CPU
		{6CD4E172-41DF-4E4F-8629-2005C7F1E327}.Release|Any CPU.ActiveCfg = Release|Any CPU
		{6CD4E172-41DF-4E4F-8629-2005C7F1E327}.Release|Any CPU.Build.0 = Release|Any CPU
	EndGlobalSection
	GlobalSection(SolutionProperties) = preSolution
		HideSolutionNode = FALSE
	EndGlobalSection
	GlobalSection(ExtensibilityGlobals) = postSolution
		SolutionGuid = {1723A67D-A4EC-4FD8-B1B8-9DA977881502}
	EndGlobalSection
EndGlobal
